
Microsoft Visual Studio Solution File, Format Version 12.00
# Visual Studio Version 17
VisualStudioVersion = 17.11.35208.52
MinimumVisualStudioVersion = 10.0.40219.1
Project("{FAE04EC0-301F-11D3-BF4B-00C04F79EFBC}") = "CleanEx.Repositories", "Repositories\CleanEx.Repositories.csproj", "{3A2C56CC-7C8E-407A-BE9E-D8F7CBA6CD0F}"
EndProject
Project("{FAE04EC0-301F-11D3-BF4B-00C04F79EFBC}") = "CleanEx.Services", "Services\CleanEx.Services.csproj", "{2B28ACAA-5487-4252-B6A3-849C4AA2922B}"
EndProject
Project("{FAE04EC0-301F-11D3-BF4B-00C04F79EFBC}") = "CleanEx.API", "CleanEx.API\CleanEx.API.csproj", "{A855CEB4-AD6F-4773-A796-14917E945EBB}"
EndProject
Global
	GlobalSection(SolutionConfigurationPlatforms) = preSolution
		Debug|Any CPU = Debug|Any CPU
		Release|Any CPU = Release|Any CPU
	EndGlobalSection
	GlobalSection(ProjectConfigurationPlatforms) = postSolution
		{3A2C56CC-7C8E-407A-BE9E-D8F7CBA6CD0F}.Debug|Any CPU.ActiveCfg = Debug|Any CPU
		{3A2C56CC-7C8E-407A-BE9E-D8F7CBA6CD0F}.Debug|Any CPU.Build.0 = Debug|Any CPU
		{3A2C56CC-7C8E-407A-BE9E-D8F7CBA6CD0F}.Release|Any CPU.ActiveCfg = Release|Any CPU
		{3A2C56CC-7C8E-407A-BE9E-D8F7CBA6CD0F}.Release|Any CPU.Build.0 = Release|Any CPU
		{2B28ACAA-5487-4252-B6A3-849C4AA2922B}.Debug|Any CPU.ActiveCfg = Debug|Any CPU
		{2B28ACAA-5487-4252-B6A3-849C4AA2922B}.Debug|Any CPU.Build.0 = Debug|Any CPU
		{2B28ACAA-5487-4252-B6A3-849C4AA2922B}.Release|Any CPU.ActiveCfg = Release|Any CPU
		{2B28ACAA-5487-4252-B6A3-849C4AA2922B}.Release|Any CPU.Build.0 = Release|Any CPU
		{A855CEB4-AD6F-4773-A796-14917E945EBB}.Debug|Any CPU.ActiveCfg = Debug|Any CPU
		{A855CEB4-AD6F-4773-A796-14917E945EBB}.Debug|Any CPU.Build.0 = Debug|Any CPU
		{A855CEB4-AD6F-4773-A796-14917E945EBB}.Release|Any CPU.ActiveCfg = Release|Any CPU
		{A855CEB4-AD6F-4773-A796-14917E945EBB}.Release|Any CPU.Build.0 = Release|Any CPU
	EndGlobalSection
	GlobalSection(SolutionProperties) = preSolution
		HideSolutionNode = FALSE
	EndGlobalSection
	GlobalSection(ExtensibilityGlobals) = postSolution
		SolutionGuid = {E085115D-3E75-4FD6-B0D5-C2862EB78CF9}
	EndGlobalSection
EndGlobal
